
Microsoft Visual Studio Solution File, Format Version 11.00
Project("{FAE04EC0-301F-11D3-BF4B-00C04F79EFBC}") = "Assembly-CSharp", "Assembly-CSharp.csproj", "{611C0ABB-A044-848C-77D6-422473D5E12F}"
EndProject
Global
	GlobalSection(SolutionConfigurationPlatforms) = preSolution
		Debug|Any CPU = Debug|Any CPU
		Release|Any CPU = Release|Any CPU
	EndGlobalSection
	GlobalSection(ProjectConfigurationPlatforms) = postSolution
		{611C0ABB-A044-848C-77D6-422473D5E12F}.Debug|Any CPU.ActiveCfg = Debug|Any CPU
		{611C0ABB-A044-848C-77D6-422473D5E12F}.Debug|Any CPU.Build.0 = Debug|Any CPU
		{611C0ABB-A044-848C-77D6-422473D5E12F}.Release|Any CPU.ActiveCfg = Release|Any CPU
		{611C0ABB-A044-848C-77D6-422473D5E12F}.Release|Any CPU.Build.0 = Release|Any CPU
	EndGlobalSection
	GlobalSection(SolutionProperties) = preSolution
		HideSolutionNode = FALSE
	EndGlobalSection
EndGlobal
